
Microsoft Visual Studio Solution File, Format Version 12.00
# Visual Studio Version 16
VisualStudioVersion = 16.0.31112.23
MinimumVisualStudioVersion = 10.0.40219.1
Project("{FAE04EC0-301F-11D3-BF4B-00C04F79EFBC}") = "WinFormsApp18", "WinFormsApp18.csproj", "{848F2983-656A-473D-B39A-72FD869A1EB9}"
EndProject
Global
	GlobalSection(SolutionConfigurationPlatforms) = preSolution
		Debug|Any CPU = Debug|Any CPU
		Release|Any CPU = Release|Any CPU
	EndGlobalSection
	GlobalSection(ProjectConfigurationPlatforms) = postSolution
		{848F2983-656A-473D-B39A-72FD869A1EB9}.Debug|Any CPU.ActiveCfg = Debug|Any CPU
		{848F2983-656A-473D-B39A-72FD869A1EB9}.Debug|Any CPU.Build.0 = Debug|Any CPU
		{848F2983-656A-473D-B39A-72FD869A1EB9}.Release|Any CPU.ActiveCfg = Release|Any CPU
		{848F2983-656A-473D-B39A-72FD869A1EB9}.Release|Any CPU.Build.0 = Release|Any CPU
	EndGlobalSection
	GlobalSection(SolutionProperties) = preSolution
		HideSolutionNode = FALSE
	EndGlobalSection
	GlobalSection(ExtensibilityGlobals) = postSolution
		SolutionGuid = {5D762952-0C18-4312-BC9D-689995EEB242}
	EndGlobalSection
EndGlobal
